// !$*UTF8*$!
{
	archiveVersion = 1;
	classes = {
	};
	objectVersion = 77;
	objects = {

/* Begin PBXBuildFile section */
		1134D9168D02127FAABC44F1 /* SummaryTemplateTests.swift in Sources */ = {isa = PBXBuildFile; fileRef = B9BE699DDE809F2A9D50F2D4 /* SummaryTemplateTests.swift */; };
		11D293012F64DE3B00B76594 /* WhisperKit in Frameworks */ = {isa = PBXBuildFile; productRef = 11D293022F64DE3B00B76594 /* WhisperKit */; };
		11FE81532F23398500D6AE57 /* WhisperKit in Frameworks */ = {isa = PBXBuildFile; productRef = 11FE81522F23398500D6AE57 /* WhisperKit */; };
		11FE81552F23398500D6AE57 /* whisperkit-cli in Frameworks */ = {isa = PBXBuildFile; productRef = 11FE81542F23398500D6AE57 /* whisperkit-cli */; settings = {ATTRIBUTES = (Required, ); }; };
		2D71FA4A39CD453FA2F5A412 /* AudioRecorderSettingsTests.swift in Sources */ = {isa = PBXBuildFile; fileRef = F608AEBE50DF7C39E657B667 /* AudioRecorderSettingsTests.swift */; };
		B752697C09EF44CF2633E9B9 /* TranscriptFormatterTests.swift in Sources */ = {isa = PBXBuildFile; fileRef = 4023EDE6698552DFBB8072A2 /* TranscriptFormatterTests.swift */; };
/* End PBXBuildFile section */

/* Begin PBXContainerItemProxy section */
		69EFCD5A1011DEFE39E7DA39 /* PBXContainerItemProxy */ = {
			isa = PBXContainerItemProxy;
			containerPortal = 11FE813B2F23393D00D6AE57 /* Project object */;
			proxyType = 1;
			remoteGlobalIDString = 11FE81422F23393D00D6AE57;
			remoteInfo = "deep state Meeting Agent";
		};
/* End PBXContainerItemProxy section */

/* Begin PBXFileReference section */
		11A5CC453022909800603150 /* Deep State Meeting Agent MacOS.app */ = {isa = PBXFileReference; explicitFileType = wrapper.application; includeInIndex = 0; path = "Deep State Meeting Agent MacOS.app"; sourceTree = BUILT_PRODUCTS_DIR; };
		11A5CC463022909800603150 /* deep-state.app */ = {isa = PBXFileReference; explicitFileType = wrapper.application; includeInIndex = 0; path = "deep-state.app"; sourceTree = BUILT_PRODUCTS_DIR; };
		4023EDE6698552DFBB8072A2 /* TranscriptFormatterTests.swift */ = {isa = PBXFileReference; includeInIndex = 1; lastKnownFileType = sourcecode.swift; path = TranscriptFormatterTests.swift; sourceTree = "<group>"; };
		574A487EF53B10F0B5B41EC6 /* MeetingAgentTests.xctest */ = {isa = PBXFileReference; explicitFileType = wrapper.cfbundle; includeInIndex = 0; path = MeetingAgentTests.xctest; sourceTree = BUILT_PRODUCTS_DIR; };
		B9BE699DDE809F2A9D50F2D4 /* SummaryTemplateTests.swift */ = {isa = PBXFileReference; includeInIndex = 1; lastKnownFileType = sourcecode.swift; path = SummaryTemplateTests.swift; sourceTree = "<group>"; };
		F608AEBE50DF7C39E657B667 /* AudioRecorderSettingsTests.swift */ = {isa = PBXFileReference; includeInIndex = 1; lastKnownFileType = sourcecode.swift; path = AudioRecorderSettingsTests.swift; sourceTree = "<group>"; };
/* End PBXFileReference section */

/* Begin PBXFileSystemSynchronizedBuildFileExceptionSet section */
		11FE815A2F233A7600D6AE57 /* Exceptions for "MeetingAgent" folder in "Deep State Meeting Agent MacOS" target */ = {
			isa = PBXFileSystemSynchronizedBuildFileExceptionSet;
			membershipExceptions = (
				Info.plist,
			);
			target = 11FE81422F23393D00D6AE57 /* Deep State Meeting Agent MacOS */;
		};
/* End PBXFileSystemSynchronizedBuildFileExceptionSet section */

/* Begin PBXFileSystemSynchronizedRootGroup section */
		11D292ED2F64DE3B00B76594 /* deep-state */ = {
			isa = PBXFileSystemSynchronizedRootGroup;
			path = "deep-state";
			sourceTree = "<group>";
		};
		11FE81452F23393D00D6AE57 /* MeetingAgent */ = {
			isa = PBXFileSystemSynchronizedRootGroup;
			exceptions = (
				11FE815A2F233A7600D6AE57 /* Exceptions for "MeetingAgent" folder in "Deep State Meeting Agent MacOS" target */,
			);
			path = MeetingAgent;
			sourceTree = "<group>";
		};
/* End PBXFileSystemSynchronizedRootGroup section */

/* Begin PBXFrameworksBuildPhase section */
		11D292E92F64DE3B00B76594 /* Frameworks */ = {
			isa = PBXFrameworksBuildPhase;
			buildActionMask = 2147483647;
			files = (
				11D293012F64DE3B00B76594 /* WhisperKit in Frameworks */,
			);
			runOnlyForDeploymentPostprocessing = 0;
		};
		11FE81402F23393D00D6AE57 /* Frameworks */ = {
			isa = PBXFrameworksBuildPhase;
			buildActionMask = 2147483647;
			files = (
				11FE81532F23398500D6AE57 /* WhisperKit in Frameworks */,
				11FE81552F23398500D6AE57 /* whisperkit-cli in Frameworks */,
			);
			runOnlyForDeploymentPostprocessing = 0;
		};
		191D2B1C3489778E4396BE88 /* Frameworks */ = {
			isa = PBXFrameworksBuildPhase;
			buildActionMask = 2147483647;
			files = (
			);
			runOnlyForDeploymentPostprocessing = 0;
		};
/* End PBXFrameworksBuildPhase section */

/* Begin PBXGroup section */
		05A463B54336B00DCEB0297C /* MeetingAgentTests */ = {
			isa = PBXGroup;
			children = (
				4023EDE6698552DFBB8072A2 /* TranscriptFormatterTests.swift */,
				B9BE699DDE809F2A9D50F2D4 /* SummaryTemplateTests.swift */,
				F608AEBE50DF7C39E657B667 /* AudioRecorderSettingsTests.swift */,
			);
			path = MeetingAgentTests;
			sourceTree = "<group>";
		};
		11FE813A2F23393D00D6AE57 = {
			isa = PBXGroup;
			children = (
				11FE81452F23393D00D6AE57 /* MeetingAgent */,
				11D292ED2F64DE3B00B76594 /* deep-state */,
				11FE81442F23393D00D6AE57 /* Products */,
				DF9652419A2AB6F083FD3E0E /* Frameworks */,
				05A463B54336B00DCEB0297C /* MeetingAgentTests */,
			);
			sourceTree = "<group>";
		};
		11FE81442F23393D00D6AE57 /* Products */ = {
			isa = PBXGroup;
			children = (
				574A487EF53B10F0B5B41EC6 /* MeetingAgentTests.xctest */,
				11A5CC453022909800603150 /* Deep State Meeting Agent MacOS.app */,
				11A5CC463022909800603150 /* deep-state.app */,
			);
			name = Products;
			sourceTree = "<group>";
		};
		67748E012D23A4F259DBF977 /* OS X */ = {
			isa = PBXGroup;
			children = (
			);
			name = "OS X";
			sourceTree = "<group>";
		};
		DF9652419A2AB6F083FD3E0E /* Frameworks */ = {
			isa = PBXGroup;
			children = (
				67748E012D23A4F259DBF977 /* OS X */,
			);
			name = Frameworks;
			sourceTree = "<group>";
		};
/* End PBXGroup section */

/* Begin PBXNativeTarget section */
		11D292EB2F64DE3B00B76594 /* deep-state */ = {
			isa = PBXNativeTarget;
			buildConfigurationList = 11D292F42F64DE3B00B76594 /* Build configuration list for PBXNativeTarget "deep-state" */;
			buildPhases = (
				11D292E82F64DE3B00B76594 /* Sources */,
				11D292E92F64DE3B00B76594 /* Frameworks */,
				11D292EA2F64DE3B00B76594 /* Resources */,
			);
			buildRules = (
			);
			dependencies = (
			);
			fileSystemSynchronizedGroups = (
				11D292ED2F64DE3B00B76594 /* deep-state */,
			);
			name = "deep-state";
			packageProductDependencies = (
				11D293022F64DE3B00B76594 /* WhisperKit */,
			);
			productName = "deep-state";
			productReference = 11A5CC463022909800603150 /* deep-state.app */;
			productType = "com.apple.product-type.application";
		};
		11FE81422F23393D00D6AE57 /* Deep State Meeting Agent MacOS */ = {
			isa = PBXNativeTarget;
			buildConfigurationList = 11FE814E2F23393D00D6AE57 /* Build configuration list for PBXNativeTarget "Deep State Meeting Agent MacOS" */;
			buildPhases = (
				11FE813F2F23393D00D6AE57 /* Sources */,
				11FE81402F23393D00D6AE57 /* Frameworks */,
				11FE81412F23393D00D6AE57 /* Resources */,
			);
			buildRules = (
			);
			dependencies = (
			);
			fileSystemSynchronizedGroups = (
				11FE81452F23393D00D6AE57 /* MeetingAgent */,
			);
			name = "Deep State Meeting Agent MacOS";
			packageProductDependencies = (
				11FE81522F23398500D6AE57 /* WhisperKit */,
				11FE81542F23398500D6AE57 /* whisperkit-cli */,
			);
			productName = MeetingAgent;
			productReference = 11A5CC453022909800603150 /* Deep State Meeting Agent MacOS.app */;
			productType = "com.apple.product-type.application";
		};
		30C550CDFBE3B5BC79CA80D2 /* MeetingAgentTests */ = {
			isa = PBXNativeTarget;
			buildConfigurationList = AF81005500F94B9536331C02 /* Build configuration list for PBXNativeTarget "MeetingAgentTests" */;
			buildPhases = (
				504D89A9AF1D3CC4A30AF16D /* Sources */,
				191D2B1C3489778E4396BE88 /* Frameworks */,
				F592033CB5CC3EA40DF20477 /* Resources */,
			);
			buildRules = (
			);
			dependencies = (
				82C73ADA77B03937F82DEE3D /* PBXTargetDependency */,
			);
			name = MeetingAgentTests;
			productName = MeetingAgentTests;
			productReference = 574A487EF53B10F0B5B41EC6 /* MeetingAgentTests.xctest */;
			productType = "com.apple.product-type.bundle.unit-test";
		};
/* End PBXNativeTarget section */

/* Begin PBXProject section */
		11FE813B2F23393D00D6AE57 /* Project object */ = {
			isa = PBXProject;
			attributes = {
				BuildIndependentTargetsInParallel = 1;
				LastSwiftUpdateCheck = 2630;
				LastUpgradeCheck = 2630;
				ORGANIZATIONNAME = "Jessie Gibson";
				TargetAttributes = {
					11D292EB2F64DE3B00B76594 = {
						CreatedOnToolsVersion = 26.3;
					};
					11FE81422F23393D00D6AE57 = {
						CreatedOnToolsVersion = 26.2;
					};
				};
			};
			buildConfigurationList = 11FE813E2F23393D00D6AE57 /* Build configuration list for PBXProject "Deep State Meeting Agent MacOS" */;
			developmentRegion = en;
			hasScannedForEncodings = 0;
			knownRegions = (
				en,
				Base,
			);
			mainGroup = 11FE813A2F23393D00D6AE57;
			minimizedProjectReferenceProxies = 1;
			packageReferences = (
				11FE81512F23398500D6AE57 /* XCRemoteSwiftPackageReference "argmax-oss-swift" */,
			);
			preferredProjectObjectVersion = 77;
			productRefGroup = 11FE81442F23393D00D6AE57 /* Products */;
			projectDirPath = "";
			projectRoot = "";
			targets = (
				11FE81422F23393D00D6AE57 /* Deep State Meeting Agent MacOS */,
				11D292EB2F64DE3B00B76594 /* deep-state */,
				30C550CDFBE3B5BC79CA80D2 /* MeetingAgentTests */,
			);
		};
/* End PBXProject section */

/* Begin PBXResourcesBuildPhase section */
		11D292EA2F64DE3B00B76594 /* Resources */ = {
			isa = PBXResourcesBuildPhase;
			buildActionMask = 2147483647;
			files = (
			);
			runOnlyForDeploymentPostprocessing = 0;
		};
		11FE81412F23393D00D6AE57 /* Resources */ = {
			isa = PBXResourcesBuildPhase;
			buildActionMask = 2147483647;
			files = (
			);
			runOnlyForDeploymentPostprocessing = 0;
		};
		F592033CB5CC3EA40DF20477 /* Resources */ = {
			isa = PBXResourcesBuildPhase;
			buildActionMask = 2147483647;
			files = (
			);
			runOnlyForDeploymentPostprocessing = 0;
		};
/* End PBXResourcesBuildPhase section */

/* Begin PBXSourcesBuildPhase section */
		11D292E82F64DE3B00B76594 /* Sources */ = {
			isa = PBXSourcesBuildPhase;
			buildActionMask = 2147483647;
			files = (
			);
			runOnlyForDeploymentPostprocessing = 0;
		};
		11FE813F2F23393D00D6AE57 /* Sources */ = {
			isa = PBXSourcesBuildPhase;
			buildActionMask = 2147483647;
			files = (
			);
			runOnlyForDeploymentPostprocessing = 0;
		};
		504D89A9AF1D3CC4A30AF16D /* Sources */ = {
			isa = PBXSourcesBuildPhase;
			buildActionMask = 2147483647;
			files = (
				B752697C09EF44CF2633E9B9 /* TranscriptFormatterTests.swift in Sources */,
				1134D9168D02127FAABC44F1 /* SummaryTemplateTests.swift in Sources */,
				2D71FA4A39CD453FA2F5A412 /* AudioRecorderSettingsTests.swift in Sources */,
			);
			runOnlyForDeploymentPostprocessing = 0;
		};
/* End PBXSourcesBuildPhase section */

/* Begin PBXTargetDependency section */
		82C73ADA77B03937F82DEE3D /* PBXTargetDependency */ = {
			isa = PBXTargetDependency;
			name = "deep state Meeting Agent";
			target = 11FE81422F23393D00D6AE57 /* Deep State Meeting Agent MacOS */;
			targetProxy = 69EFCD5A1011DEFE39E7DA39 /* PBXContainerItemProxy */;
		};
/* End PBXTargetDependency section */

/* Begin XCBuildConfiguration section */
		11D292F52F64DE3B00B76594 /* Debug */ = {
			isa = XCBuildConfiguration;
			buildSettings = {
				ASSETCATALOG_COMPILER_APPICON_NAME = AppIcon;
				ASSETCATALOG_COMPILER_GLOBAL_ACCENT_COLOR_NAME = AccentColor;
				CODE_SIGN_ENTITLEMENTS = "deep-state/deep-state.entitlements";
				CODE_SIGN_STYLE = Automatic;
				CURRENT_PROJECT_VERSION = 20260625;
				DEVELOPMENT_TEAM = 472CR4BT3B;
				ENABLE_OUTGOING_NETWORK_CONNECTIONS = YES;
				ENABLE_PREVIEWS = YES;
				GENERATE_INFOPLIST_FILE = YES;
				INFOPLIST_KEY_CFBundleDisplayName = "Deep State Meeting Agent";
				INFOPLIST_KEY_LSApplicationCategoryType = "public.app-category.productivity";
				INFOPLIST_KEY_NSMicrophoneUsageDescription = "Meeting Agent needs microphone access to record audio.";
				INFOPLIST_KEY_NSSpeechRecognitionUsageDescription = "Meeting Agent uses speech recognition for live transcription.";
				INFOPLIST_KEY_UIApplicationSceneManifest_Generation = YES;
				INFOPLIST_KEY_UIApplicationSupportsIndirectInputEvents = YES;
				INFOPLIST_KEY_UILaunchScreen_Generation = YES;
				INFOPLIST_KEY_UISupportedInterfaceOrientations_iPad = "UIInterfaceOrientationPortrait UIInterfaceOrientationPortraitUpsideDown UIInterfaceOrientationLandscapeLeft UIInterfaceOrientationLandscapeRight";
				INFOPLIST_KEY_UISupportedInterfaceOrientations_iPhone = "UIInterfaceOrientationPortrait UIInterfaceOrientationLandscapeLeft UIInterfaceOrientationLandscapeRight";
				IPHONEOS_DEPLOYMENT_TARGET = 18.0;
				LD_RUNPATH_SEARCH_PATHS = (
					"$(inherited)",
					"@executable_path/Frameworks",
				);
				MARKETING_VERSION = 0.8;
				PRODUCT_BUNDLE_IDENTIFIER = soloai.MeetingAgentiOS;
				PRODUCT_NAME = "$(TARGET_NAME)";
				SDKROOT = iphoneos;
				STRING_CATALOG_GENERATE_SYMBOLS = YES;
				SUPPORTED_PLATFORMS = "iphoneos iphonesimulator";
				SUPPORTS_MACCATALYST = NO;
				SUPPORTS_MAC_DESIGNED_FOR_IPHONE_IPAD = NO;
				SUPPORTS_XR_DESIGNED_FOR_IPHONE_IPAD = NO;
				SWIFT_APPROACHABLE_CONCURRENCY = YES;
				SWIFT_DEFAULT_ACTOR_ISOLATION = MainActor;
				SWIFT_EMIT_LOC_STRINGS = YES;
				SWIFT_UPCOMING_FEATURE_MEMBER_IMPORT_VISIBILITY = YES;
				SWIFT_VERSION = 5.0;
				TARGETED_DEVICE_FAMILY = "1,2";
			};
			name = Debug;
		};
		11D292F62F64DE3B00B76594 /* Release */ = {
			isa = XCBuildConfiguration;
			buildSettings = {
				ASSETCATALOG_COMPILER_APPICON_NAME = AppIcon;
				ASSETCATALOG_COMPILER_GLOBAL_ACCENT_COLOR_NAME = AccentColor;
				CODE_SIGN_ENTITLEMENTS = "deep-state/deep-state.entitlements";
				CODE_SIGN_STYLE = Automatic;
				CURRENT_PROJECT_VERSION = 20260625;
				DEVELOPMENT_TEAM = 472CR4BT3B;
				ENABLE_OUTGOING_NETWORK_CONNECTIONS = YES;
				ENABLE_PREVIEWS = YES;
				GENERATE_INFOPLIST_FILE = YES;
				INFOPLIST_KEY_CFBundleDisplayName = "Deep State Meeting Agent";
				INFOPLIST_KEY_LSApplicationCategoryType = "public.app-category.productivity";
				INFOPLIST_KEY_NSMicrophoneUsageDescription = "Meeting Agent needs microphone access to record audio.";
				INFOPLIST_KEY_NSSpeechRecognitionUsageDescription = "Meeting Agent uses speech recognition for live transcription.";
				INFOPLIST_KEY_UIApplicationSceneManifest_Generation = YES;
				INFOPLIST_KEY_UIApplicationSupportsIndirectInputEvents = YES;
				INFOPLIST_KEY_UILaunchScreen_Generation = YES;
				INFOPLIST_KEY_UISupportedInterfaceOrientations_iPad = "UIInterfaceOrientationPortrait UIInterfaceOrientationPortraitUpsideDown UIInterfaceOrientationLandscapeLeft UIInterfaceOrientationLandscapeRight";
				INFOPLIST_KEY_UISupportedInterfaceOrientations_iPhone = "UIInterfaceOrientationPortrait UIInterfaceOrientationLandscapeLeft UIInterfaceOrientationLandscapeRight";
				IPHONEOS_DEPLOYMENT_TARGET = 18.0;
				LD_RUNPATH_SEARCH_PATHS = (
					"$(inherited)",
					"@executable_path/Frameworks",
				);
				MARKETING_VERSION = 0.8;
				PRODUCT_BUNDLE_IDENTIFIER = soloai.MeetingAgentiOS;
				PRODUCT_NAME = "$(TARGET_NAME)";
				SDKROOT = iphoneos;
				STRING_CATALOG_GENERATE_SYMBOLS = YES;
				SUPPORTED_PLATFORMS = "iphoneos iphonesimulator";
				SUPPORTS_MACCATALYST = NO;
				SUPPORTS_MAC_DESIGNED_FOR_IPHONE_IPAD = NO;
				SUPPORTS_XR_DESIGNED_FOR_IPHONE_IPAD = NO;
				SWIFT_APPROACHABLE_CONCURRENCY = YES;
				SWIFT_DEFAULT_ACTOR_ISOLATION = MainActor;
				SWIFT_EMIT_LOC_STRINGS = YES;
				SWIFT_UPCOMING_FEATURE_MEMBER_IMPORT_VISIBILITY = YES;
				SWIFT_VERSION = 5.0;
				TARGETED_DEVICE_FAMILY = "1,2";
				VALIDATE_PRODUCT = YES;
			};
			name = Release;
		};
		11FE814C2F23393D00D6AE57 /* Debug */ = {
			isa = XCBuildConfiguration;
			buildSettings = {
				ALWAYS_SEARCH_USER_PATHS = NO;
				ASSETCATALOG_COMPILER_GENERATE_SWIFT_ASSET_SYMBOL_EXTENSIONS = YES;
				CLANG_ANALYZER_NONNULL = YES;
				CLANG_ANALYZER_NUMBER_OBJECT_CONVERSION = YES_AGGRESSIVE;
				CLANG_CXX_LANGUAGE_STANDARD = "gnu++20";
				CLANG_ENABLE_MODULES = YES;
				CLANG_ENABLE_OBJC_ARC = YES;
				CLANG_ENABLE_OBJC_WEAK = YES;
				CLANG_WARN_BLOCK_CAPTURE_AUTORELEASING = YES;
				CLANG_WARN_BOOL_CONVERSION = YES;
				CLANG_WARN_COMMA = YES;
				CLANG_WARN_CONSTANT_CONVERSION = YES;
				CLANG_WARN_DEPRECATED_OBJC_IMPLEMENTATIONS = YES;
				CLANG_WARN_DIRECT_OBJC_ISA_USAGE = YES_ERROR;
				CLANG_WARN_DOCUMENTATION_COMMENTS = YES;
				CLANG_WARN_EMPTY_BODY = YES;
				CLANG_WARN_ENUM_CONVERSION = YES;
				CLANG_WARN_INFINITE_RECURSION = YES;
				CLANG_WARN_INT_CONVERSION = YES;
				CLANG_WARN_NON_LITERAL_NULL_CONVERSION = YES;
				CLANG_WARN_OBJC_IMPLICIT_RETAIN_SELF = YES;
				CLANG_WARN_OBJC_LITERAL_CONVERSION = YES;
				CLANG_WARN_OBJC_ROOT_CLASS = YES_ERROR;
				CLANG_WARN_QUOTED_INCLUDE_IN_FRAMEWORK_HEADER = YES;
				CLANG_WARN_RANGE_LOOP_ANALYSIS = YES;
				CLANG_WARN_STRICT_PROTOTYPES = YES;
				CLANG_WARN_SUSPICIOUS_MOVE = YES;
				CLANG_WARN_UNGUARDED_AVAILABILITY = YES_AGGRESSIVE;
				CLANG_WARN_UNREACHABLE_CODE = YES;
				CLANG_WARN__DUPLICATE_METHOD_MATCH = YES;
				COPY_PHASE_STRIP = NO;
				DEAD_CODE_STRIPPING = YES;
				DEBUG_INFORMATION_FORMAT = dwarf;
				DEVELOPMENT_TEAM = 472CR4BT3B;
				ENABLE_STRICT_OBJC_MSGSEND = YES;
				ENABLE_TESTABILITY = YES;
				ENABLE_USER_SCRIPT_SANDBOXING = YES;
				GCC_C_LANGUAGE_STANDARD = gnu17;
				GCC_DYNAMIC_NO_PIC = NO;
				GCC_NO_COMMON_BLOCKS = YES;
				GCC_OPTIMIZATION_LEVEL = 0;
				GCC_PREPROCESSOR_DEFINITIONS = (
					"DEBUG=1",
					"$(inherited)",
				);
				GCC_WARN_64_TO_32_BIT_CONVERSION = YES;
				GCC_WARN_ABOUT_RETURN_TYPE = YES_ERROR;
				GCC_WARN_UNDECLARED_SELECTOR = YES;
				GCC_WARN_UNINITIALIZED_AUTOS = YES_AGGRESSIVE;
				GCC_WARN_UNUSED_FUNCTION = YES;
				GCC_WARN_UNUSED_VARIABLE = YES;
				LOCALIZATION_PREFERS_STRING_CATALOGS = YES;
				MACOSX_DEPLOYMENT_TARGET = 15.6;
				MTL_ENABLE_DEBUG_INFO = INCLUDE_SOURCE;
				MTL_FAST_MATH = YES;
				ONLY_ACTIVE_ARCH = YES;
				SDKROOT = macosx;
				STRING_CATALOG_GENERATE_SYMBOLS = YES;
				SWIFT_ACTIVE_COMPILATION_CONDITIONS = "DEBUG $(inherited)";
				SWIFT_OPTIMIZATION_LEVEL = "-Onone";
			};
			name = Debug;
		};
		11FE814D2F23393D00D6AE57 /* Release */ = {
			isa = XCBuildConfiguration;
			buildSettings = {
				ALWAYS_SEARCH_USER_PATHS = NO;
				ASSETCATALOG_COMPILER_GENERATE_SWIFT_ASSET_SYMBOL_EXTENSIONS = YES;
				CLANG_ANALYZER_NONNULL = YES;
				CLANG_ANALYZER_NUMBER_OBJECT_CONVERSION = YES_AGGRESSIVE;
				CLANG_CXX_LANGUAGE_STANDARD = "gnu++20";
				CLANG_ENABLE_MODULES = YES;
				CLANG_ENABLE_OBJC_ARC = YES;
				CLANG_ENABLE_OBJC_WEAK = YES;
				CLANG_WARN_BLOCK_CAPTURE_AUTORELEASING = YES;
				CLANG_WARN_BOOL_CONVERSION = YES;
				CLANG_WARN_COMMA = YES;
				CLANG_WARN_CONSTANT_CONVERSION = YES;
				CLANG_WARN_DEPRECATED_OBJC_IMPLEMENTATIONS = YES;
				CLANG_WARN_DIRECT_OBJC_ISA_USAGE = YES_ERROR;
				CLANG_WARN_DOCUMENTATION_COMMENTS = YES;
				CLANG_WARN_EMPTY_BODY = YES;
				CLANG_WARN_ENUM_CONVERSION = YES;
				CLANG_WARN_INFINITE_RECURSION = YES;
				CLANG_WARN_INT_CONVERSION = YES;
				CLANG_WARN_NON_LITERAL_NULL_CONVERSION = YES;
				CLANG_WARN_OBJC_IMPLICIT_RETAIN_SELF = YES;
				CLANG_WARN_OBJC_LITERAL_CONVERSION = YES;
				CLANG_WARN_OBJC_ROOT_CLASS = YES_ERROR;
				CLANG_WARN_QUOTED_INCLUDE_IN_FRAMEWORK_HEADER = YES;
				CLANG_WARN_RANGE_LOOP_ANALYSIS = YES;
				CLANG_WARN_STRICT_PROTOTYPES = YES;
				CLANG_WARN_SUSPICIOUS_MOVE = YES;
				CLANG_WARN_UNGUARDED_AVAILABILITY = YES_AGGRESSIVE;
				CLANG_WARN_UNREACHABLE_CODE = YES;
				CLANG_WARN__DUPLICATE_METHOD_MATCH = YES;
				COPY_PHASE_STRIP = NO;
				DEAD_CODE_STRIPPING = YES;
				DEBUG_INFORMATION_FORMAT = "dwarf-with-dsym";
				DEVELOPMENT_TEAM = 472CR4BT3B;
				ENABLE_NS_ASSERTIONS = NO;
				ENABLE_STRICT_OBJC_MSGSEND = YES;
				ENABLE_TESTABILITY = YES;
				ENABLE_USER_SCRIPT_SANDBOXING = YES;
				GCC_C_LANGUAGE_STANDARD = gnu17;
				GCC_NO_COMMON_BLOCKS = YES;
				GCC_WARN_64_TO_32_BIT_CONVERSION = YES;
				GCC_WARN_ABOUT_RETURN_TYPE = YES_ERROR;
				GCC_WARN_UNDECLARED_SELECTOR = YES;
				GCC_WARN_UNINITIALIZED_AUTOS = YES_AGGRESSIVE;
				GCC_WARN_UNUSED_FUNCTION = YES;
				GCC_WARN_UNUSED_VARIABLE = YES;
				LOCALIZATION_PREFERS_STRING_CATALOGS = YES;
				MACOSX_DEPLOYMENT_TARGET = 15.6;
				MTL_ENABLE_DEBUG_INFO = NO;
				MTL_FAST_MATH = YES;
				ONLY_ACTIVE_ARCH = YES;
				SDKROOT = macosx;
				STRING_CATALOG_GENERATE_SYMBOLS = YES;
				SWIFT_COMPILATION_MODE = wholemodule;
			};
			name = Release;
		};
		11FE814F2F23393D00D6AE57 /* Debug */ = {
			isa = XCBuildConfiguration;
			buildSettings = {
				ASSETCATALOG_COMPILER_APPICON_NAME = AppIcon;
				ASSETCATALOG_COMPILER_GLOBAL_ACCENT_COLOR_NAME = AccentColor;
				ASSETCATALOG_COMPILER_INCLUDE_ALL_APPICON_ASSETS = YES;
				CODE_SIGN_ENTITLEMENTS = MeetingAgent/MeetingAgent.entitlements;
				CODE_SIGN_IDENTITY = "Apple Development";
				"CODE_SIGN_IDENTITY[sdk=macosx*]" = "Apple Development";
				CODE_SIGN_STYLE = Automatic;
				COMBINE_HIDPI_IMAGES = YES;
				CURRENT_PROJECT_VERSION = 20260625;
				DEAD_CODE_STRIPPING = YES;
				DEVELOPMENT_ASSET_PATHS = MeetingAgent/Assets.xcassets;
				ENABLE_FILE_ACCESS_DOWNLOADS_FOLDER = readwrite;
				ENABLE_HARDENED_RUNTIME = YES;
				ENABLE_INCOMING_NETWORK_CONNECTIONS = YES;
				ENABLE_OUTGOING_NETWORK_CONNECTIONS = YES;
				ENABLE_PREVIEWS = YES;
				ENABLE_RESOURCE_ACCESS_AUDIO_INPUT = YES;
				ENABLE_RESOURCE_ACCESS_BLUETOOTH = NO;
				ENABLE_RESOURCE_ACCESS_CALENDARS = NO;
				ENABLE_RESOURCE_ACCESS_CAMERA = YES;
				ENABLE_RESOURCE_ACCESS_CONTACTS = NO;
				ENABLE_RESOURCE_ACCESS_LOCATION = NO;
				ENABLE_RESOURCE_ACCESS_PRINTING = NO;
				ENABLE_RESOURCE_ACCESS_USB = NO;
				ENABLE_USER_SELECTED_FILES = readwrite;
				GENERATE_INFOPLIST_FILE = YES;
				INFOPLIST_FILE = MeetingAgent/Info.plist;
				INFOPLIST_KEY_CFBundleDisplayName = "Deep State Meeting Agent";
				INFOPLIST_KEY_ITSAppUsesNonExemptEncryption = NO;
				INFOPLIST_KEY_LSApplicationCategoryType = "public.app-category.productivity";
				INFOPLIST_KEY_NSCalendarsFullAccessUsageDescription = "Access your calendar to automatically title recordings and suggest speaker names from attendees.";
				INFOPLIST_KEY_NSCameraUsageDescription = "This app may use the camera for recording.";
				INFOPLIST_KEY_NSHumanReadableCopyright = "";
				INFOPLIST_KEY_NSMicrophoneUsageDescription = "This app needs microphone access to record audio.";
				INFOPLIST_KEY_NSSpeechRecognitionUsageDescription = "This app uses Speech Recognition to create transcripts from the meeting content.";
				IPHONEOS_DEPLOYMENT_TARGET = 18.6;
				LD_RUNPATH_SEARCH_PATHS = (
					"$(inherited)",
					"@executable_path/../Frameworks",
				);
				MACOSX_DEPLOYMENT_TARGET = 15.6;
				MARKETING_VERSION = 0.8;
				PRODUCT_BUNDLE_IDENTIFIER = com.soloai.deepState;
				PRODUCT_NAME = "$(TARGET_NAME)";
				REGISTER_APP_GROUPS = NO;
				STRING_CATALOG_GENERATE_SYMBOLS = YES;
				SUPPORTED_PLATFORMS = macosx;
				SUPPORTS_MACCATALYST = NO;
				SWIFT_APPROACHABLE_CONCURRENCY = YES;
				SWIFT_DEFAULT_ACTOR_ISOLATION = MainActor;
				SWIFT_EMIT_LOC_STRINGS = YES;
				SWIFT_UPCOMING_FEATURE_MEMBER_IMPORT_VISIBILITY = YES;
				SWIFT_VERSION = 5.0;
				TARGETED_DEVICE_FAMILY = 1;
			};
			name = Debug;
		};
		11FE81502F23393D00D6AE57 /* Release */ = {
			isa = XCBuildConfiguration;
			buildSettings = {
				ASSETCATALOG_COMPILER_APPICON_NAME = AppIcon;
				ASSETCATALOG_COMPILER_GLOBAL_ACCENT_COLOR_NAME = AccentColor;
				ASSETCATALOG_COMPILER_INCLUDE_ALL_APPICON_ASSETS = YES;
				CODE_SIGN_ENTITLEMENTS = MeetingAgent/MeetingAgent.entitlements;
				CODE_SIGN_IDENTITY = "Apple Development";
				"CODE_SIGN_IDENTITY[sdk=macosx*]" = "Apple Development";
				CODE_SIGN_STYLE = Automatic;
				COMBINE_HIDPI_IMAGES = YES;
				CURRENT_PROJECT_VERSION = 20260625;
				DEAD_CODE_STRIPPING = YES;
				DEVELOPMENT_ASSET_PATHS = MeetingAgent/Assets.xcassets;
				ENABLE_FILE_ACCESS_DOWNLOADS_FOLDER = readwrite;
				ENABLE_HARDENED_RUNTIME = YES;
				ENABLE_INCOMING_NETWORK_CONNECTIONS = YES;
				ENABLE_OUTGOING_NETWORK_CONNECTIONS = YES;
				ENABLE_PREVIEWS = YES;
				ENABLE_RESOURCE_ACCESS_AUDIO_INPUT = YES;
				ENABLE_RESOURCE_ACCESS_BLUETOOTH = NO;
				ENABLE_RESOURCE_ACCESS_CALENDARS = NO;
				ENABLE_RESOURCE_ACCESS_CAMERA = YES;
				ENABLE_RESOURCE_ACCESS_CONTACTS = NO;
				ENABLE_RESOURCE_ACCESS_LOCATION = NO;
				ENABLE_RESOURCE_ACCESS_PRINTING = NO;
				ENABLE_RESOURCE_ACCESS_USB = NO;
				ENABLE_USER_SELECTED_FILES = readwrite;
				GENERATE_INFOPLIST_FILE = YES;
				INFOPLIST_FILE = MeetingAgent/Info.plist;
				INFOPLIST_KEY_CFBundleDisplayName = "Deep State Meeting Agent";
				INFOPLIST_KEY_ITSAppUsesNonExemptEncryption = NO;
				INFOPLIST_KEY_LSApplicationCategoryType = "public.app-category.productivity";
				INFOPLIST_KEY_NSCalendarsFullAccessUsageDescription = "Access your calendar to automatically title recordings and suggest speaker names from attendees.";
				INFOPLIST_KEY_NSCameraUsageDescription = "This app may use the camera for recording.";
				INFOPLIST_KEY_NSHumanReadableCopyright = "";
				INFOPLIST_KEY_NSMicrophoneUsageDescription = "This app needs microphone access to record audio.";
				INFOPLIST_KEY_NSSpeechRecognitionUsageDescription = "This app uses Speech Recognition to create transcripts from the meeting content.";
				IPHONEOS_DEPLOYMENT_TARGET = 18.6;
				LD_RUNPATH_SEARCH_PATHS = (
					"$(inherited)",
					"@executable_path/../Frameworks",
				);
				MACOSX_DEPLOYMENT_TARGET = 15.6;
				MARKETING_VERSION = 0.8;
				PRODUCT_BUNDLE_IDENTIFIER = com.soloai.meetingAgentMacOS;
				PRODUCT_NAME = "$(TARGET_NAME)";
				REGISTER_APP_GROUPS = NO;
				STRING_CATALOG_GENERATE_SYMBOLS = YES;
				SUPPORTED_PLATFORMS = macosx;
				SUPPORTS_MACCATALYST = NO;
				SWIFT_APPROACHABLE_CONCURRENCY = YES;
				SWIFT_DEFAULT_ACTOR_ISOLATION = MainActor;
				SWIFT_EMIT_LOC_STRINGS = YES;
				SWIFT_UPCOMING_FEATURE_MEMBER_IMPORT_VISIBILITY = YES;
				SWIFT_VERSION = 5.0;
				TARGETED_DEVICE_FAMILY = 1;
			};
			name = Release;
		};
		2D64097404E29100FDCF71DB /* Release */ = {
			isa = XCBuildConfiguration;
			buildSettings = {
				BUNDLE_LOADER = "$(TEST_HOST)";
				CODE_SIGN_STYLE = Automatic;
				DEVELOPMENT_TEAM = 472CR4BT3B;
				GENERATE_INFOPLIST_FILE = YES;
				MACOSX_DEPLOYMENT_TARGET = 15.6;
				PRODUCT_BUNDLE_IDENTIFIER = com.soloai.deepState.tests;
				PRODUCT_NAME = "$(TARGET_NAME)";
				SDKROOT = macosx;
				SWIFT_EMIT_LOC_STRINGS = NO;
				SWIFT_VERSION = 5.0;
				TEST_HOST = "$(BUILT_PRODUCTS_DIR)/Deep State Meeting Agent MacOS.app/Contents/MacOS/Deep State Meeting Agent MacOS";
			};
			name = Release;
		};
		C2AAE65937D8ACB9D8970C41 /* Debug */ = {
			isa = XCBuildConfiguration;
			buildSettings = {
				BUNDLE_LOADER = "$(TEST_HOST)";
				CODE_SIGN_STYLE = Automatic;
				DEVELOPMENT_TEAM = 472CR4BT3B;
				GENERATE_INFOPLIST_FILE = YES;
				MACOSX_DEPLOYMENT_TARGET = 15.6;
				PRODUCT_BUNDLE_IDENTIFIER = com.soloai.deepState.tests;
				PRODUCT_NAME = "$(TARGET_NAME)";
				SDKROOT = macosx;
				SWIFT_EMIT_LOC_STRINGS = NO;
				SWIFT_VERSION = 5.0;
				TEST_HOST = "$(BUILT_PRODUCTS_DIR)/Deep State Meeting Agent MacOS.app/Contents/MacOS/Deep State Meeting Agent MacOS";
			};
			name = Debug;
		};
/* End XCBuildConfiguration section */

/* Begin XCConfigurationList section */
		11D292F42F64DE3B00B76594 /* Build configuration list for PBXNativeTarget "deep-state" */ = {
			isa = XCConfigurationList;
			buildConfigurations = (
				11D292F52F64DE3B00B76594 /* Debug */,
				11D292F62F64DE3B00B76594 /* Release */,
			);
			defaultConfigurationIsVisible = 0;
			defaultConfigurationName = Release;
		};
		11FE813E2F23393D00D6AE57 /* Build configuration list for PBXProject "Deep State Meeting Agent MacOS" */ = {
			isa = XCConfigurationList;
			buildConfigurations = (
				11FE814C2F23393D00D6AE57 /* Debug */,
				11FE814D2F23393D00D6AE57 /* Release */,
			);
			defaultConfigurationIsVisible = 0;
			defaultConfigurationName = Release;
		};
		11FE814E2F23393D00D6AE57 /* Build configuration list for PBXNativeTarget "Deep State Meeting Agent MacOS" */ = {
			isa = XCConfigurationList;
			buildConfigurations = (
				11FE814F2F23393D00D6AE57 /* Debug */,
				11FE81502F23393D00D6AE57 /* Release */,
			);
			defaultConfigurationIsVisible = 0;
			defaultConfigurationName = Release;
		};
		AF81005500F94B9536331C02 /* Build configuration list for PBXNativeTarget "MeetingAgentTests" */ = {
			isa = XCConfigurationList;
			buildConfigurations = (
				2D64097404E29100FDCF71DB /* Release */,
				C2AAE65937D8ACB9D8970C41 /* Debug */,
			);
			defaultConfigurationIsVisible = 0;
			defaultConfigurationName = Release;
		};
/* End XCConfigurationList section */

/* Begin XCRemoteSwiftPackageReference section */
		11FE81512F23398500D6AE57 /* XCRemoteSwiftPackageReference "argmax-oss-swift" */ = {
			isa = XCRemoteSwiftPackageReference;
			repositoryURL = "https://github.com/argmaxinc/argmax-oss-swift.git";
			requirement = {
				kind = exactVersion;
				version = 1.0.0;
			};
		};
/* End XCRemoteSwiftPackageReference section */

/* Begin XCSwiftPackageProductDependency section */
		11D293022F64DE3B00B76594 /* WhisperKit */ = {
			isa = XCSwiftPackageProductDependency;
			package = 11FE81512F23398500D6AE57 /* XCRemoteSwiftPackageReference "argmax-oss-swift" */;
			productName = WhisperKit;
		};
		11FE81522F23398500D6AE57 /* WhisperKit */ = {
			isa = XCSwiftPackageProductDependency;
			package = 11FE81512F23398500D6AE57 /* XCRemoteSwiftPackageReference "argmax-oss-swift" */;
			productName = WhisperKit;
		};
		11FE81542F23398500D6AE57 /* whisperkit-cli */ = {
			isa = XCSwiftPackageProductDependency;
			package = 11FE81512F23398500D6AE57 /* XCRemoteSwiftPackageReference "argmax-oss-swift" */;
			productName = "whisperkit-cli";
		};
/* End XCSwiftPackageProductDependency section */
	};
	rootObject = 11FE813B2F23393D00D6AE57 /* Project object */;
}
